// !$*UTF8*$!
{
	archiveVersion = 1;
	classes = {
	};
	objectVersion = 50;
	objects = {

/* Begin PBXBuildFile section */
		28BC137727C028A600D0783E /* AppDelegate.swift in Sources */ = {isa = PBXBuildFile; fileRef = 28BC137627C028A600D0783E /* AppDelegate.swift */; };
		28BC137927C028A600D0783E /* SceneDelegate.swift in Sources */ = {isa = PBXBuildFile; fileRef = 28BC137827C028A600D0783E /* SceneDelegate.swift */; };
		28BC137B27C028A600D0783E /* ViewController.swift in Sources */ = {isa = PBXBuildFile; fileRef = 28BC137A27C028A600D0783E /* ViewController.swift */; };
		28BC137E27C028A600D0783E /* Main.storyboard in Resources */ = {isa = PBXBuildFile; fileRef = 28BC137C27C028A600D0783E /* Main.storyboard */; };
		28BC138127C028A600D0783E /* NewsApp.xcdatamodeld in Sources */ = {isa = PBXBuildFile; fileRef = 28BC137F27C028A600D0783E /* NewsApp.xcdatamodeld */; };
		28BC138327C028A700D0783E /* Assets.xcassets in Resources */ = {isa = PBXBuildFile; fileRef = 28BC138227C028A700D0783E /* Assets.xcassets */; };
		28BC138627C028A700D0783E /* LaunchScreen.storyboard in Resources */ = {isa = PBXBuildFile; fileRef = 28BC138427C028A700D0783E /* LaunchScreen.storyboard */; };
		28BC138F27C02A0600D0783E /* APICaller.swift in Sources */ = {isa = PBXBuildFile; fileRef = 28BC138E27C02A0600D0783E /* APICaller.swift */; };
		28BC139227C0304500D0783E /* NewsTableViewCell.swift in Sources */ = {isa = PBXBuildFile; fileRef = 28BC139127C0304500D0783E /* NewsTableViewCell.swift */; };
/* End PBXBuildFile section */

/* Begin PBXFileReference section */
		28BC137327C028A600D0783E /* NewsApp.app */ = {isa = PBXFileReference; explicitFileType = wrapper.application; includeInIndex = 0; path = NewsApp.app; sourceTree = BUILT_PRODUCTS_DIR; };
		28BC137627C028A600D0783E /* AppDelegate.swift */ = {isa = PBXFileReference; lastKnownFileType = sourcecode.swift; path = AppDelegate.swift; sourceTree = "<group>"; };
		28BC137827C028A600D0783E /* SceneDelegate.swift */ = {isa = PBXFileReference; lastKnownFileType = sourcecode.swift; path = SceneDelegate.swift; sourceTree = "<group>"; };
		28BC137A27C028A600D0783E /* ViewController.swift */ = {isa = PBXFileReference; lastKnownFileType = sourcecode.swift; path = ViewController.swift; sourceTree = "<group>"; };
		28BC137D27C028A600D0783E /* Base */ = {isa = PBXFileReference; lastKnownFileType = file.storyboard; name = Base; path = Base.lproj/Main.storyboard; sourceTree = "<group>"; };
		28BC138027C028A600D0783E /* NewsApp.xcdatamodel */ = {isa = PBXFileReference; lastKnownFileType = wrapper.xcdatamodel; path = NewsApp.xcdatamodel; sourceTree = "<group>"; };
		28BC138227C028A700D0783E /* Assets.xcassets */ = {isa = PBXFileReference; lastKnownFileType = folder.assetcatalog; path = Assets.xcassets; sourceTree = "<group>"; };
		28BC138527C028A700D0783E /* Base */ = {isa = PBXFileReference; lastKnownFileType = file.storyboard; name = Base; path = Base.lproj/LaunchScreen.storyboard; sourceTree = "<group>"; };
		28BC138727C028A700D0783E /* Info.plist */ = {isa = PBXFileReference; lastKnownFileType = text.plist.xml; path = Info.plist; sourceTree = "<group>"; };
		28BC138E27C02A0600D0783E /* APICaller.swift */ = {isa = PBXFileReference; lastKnownFileType = sourcecode.swift; path = APICaller.swift; sourceTree = "<group>"; };
		28BC139127C0304500D0783E /* NewsTableViewCell.swift */ = {isa = PBXFileReference; lastKnownFileType = sourcecode.swift; path = NewsTableViewCell.swift; sourceTree = "<group>"; };
/* End PBXFileReference section */

/* Begin PBXFrameworksBuildPhase section */
		28BC137027C028A600D0783E /* Frameworks */ = {
			isa = PBXFrameworksBuildPhase;
			buildActionMask = 2147483647;
			files = (
			);
			runOnlyForDeploymentPostprocessing = 0;
		};
/* End PBXFrameworksBuildPhase section */

/* Begin PBXGroup section */
		28BC136A27C028A600D0783E = {
			isa = PBXGroup;
			children = (
				28BC137527C028A600D0783E /* NewsApp */,
				28BC137427C028A600D0783E /* Products */,
			);
			sourceTree = "<group>";
		};
		28BC137427C028A600D0783E /* Products */ = {
			isa = PBXGroup;
			children = (
				28BC137327C028A600D0783E /* NewsApp.app */,
			);
			name = Products;
			sourceTree = "<group>";
		};
		28BC137527C028A600D0783E /* NewsApp */ = {
			isa = PBXGroup;
			children = (
				28BC137627C028A600D0783E /* AppDelegate.swift */,
				28BC137827C028A600D0783E /* SceneDelegate.swift */,
				28BC137A27C028A600D0783E /* ViewController.swift */,
				28BC137C27C028A600D0783E /* Main.storyboard */,
				28BC139127C0304500D0783E /* NewsTableViewCell.swift */,
				28BC138227C028A700D0783E /* Assets.xcassets */,
				28BC138427C028A700D0783E /* LaunchScreen.storyboard */,
				28BC138727C028A700D0783E /* Info.plist */,
				28BC137F27C028A600D0783E /* NewsApp.xcdatamodeld */,
				28BC138E27C02A0600D0783E /* APICaller.swift */,
			);
			path = NewsApp;
			sourceTree = "<group>";
		};
/* End PBXGroup section */

/* Begin PBXNativeTarget section */
		28BC137227C028A600D0783E /* NewsApp */ = {
			isa = PBXNativeTarget;
			buildConfigurationList = 28BC138A27C028A700D0783E /* Build configuration list for PBXNativeTarget "NewsApp" */;
			buildPhases = (
				28BC136F27C028A600D0783E /* Sources */,
				28BC137027C028A600D0783E /* Frameworks */,
				28BC137127C028A600D0783E /* Resources */,
			);
			buildRules = (
			);
			dependencies = (
			);
			name = NewsApp;
			productName = NewsApp;
			productReference = 28BC137327C028A600D0783E /* NewsApp.app */;
			productType = "com.apple.product-type.application";
		};
/* End PBXNativeTarget section */

/* Begin PBXProject section */
		28BC136B27C028A600D0783E /* Project object */ = {
			isa = PBXProject;
			attributes = {
				LastSwiftUpdateCheck = 1240;
				LastUpgradeCheck = 1240;
				TargetAttributes = {
					28BC137227C028A600D0783E = {
						CreatedOnToolsVersion = 12.4;
					};
				};
			};
			buildConfigurationList = 28BC136E27C028A600D0783E /* Build configuration list for PBXProject "NewsApp" */;
			compatibilityVersion = "Xcode 9.3";
			developmentRegion = en;
			hasScannedForEncodings = 0;
			knownRegions = (
				en,
				Base,
			);
			mainGroup = 28BC136A27C028A600D0783E;
			productRefGroup = 28BC137427C028A600D0783E /* Products */;
			projectDirPath = "";
			projectRoot = "";
			targets = (
				28BC137227C028A600D0783E /* NewsApp */,
			);
		};
/* End PBXProject section */

/* Begin PBXResourcesBuildPhase section */
		28BC137127C028A600D0783E /* Resources */ = {
			isa = PBXResourcesBuildPhase;
			buildActionMask = 2147483647;
			files = (
				28BC138627C028A700D0783E /* LaunchScreen.storyboard in Resources */,
				28BC138327C028A700D0783E /* Assets.xcassets in Resources */,
				28BC137E27C028A600D0783E /* Main.storyboard in Resources */,
			);
			runOnlyForDeploymentPostprocessing = 0;
		};
/* End PBXResourcesBuildPhase section */

/* Begin PBXSourcesBuildPhase section */
		28BC136F27C028A600D0783E /* Sources */ = {
			isa = PBXSourcesBuildPhase;
			buildActionMask = 2147483647;
			files = (
				28BC137B27C028A600D0783E /* ViewController.swift in Sources */,
				28BC137727C028A600D0783E /* AppDelegate.swift in Sources */,
				28BC139227C0304500D0783E /* NewsTableViewCell.swift in Sources */,
				28BC138127C028A600D0783E /* NewsApp.xcdatamodeld in Sources */,
				28BC138F27C02A0600D0783E /* APICaller.swift in Sources */,
				28BC137927C028A600D0783E /* SceneDelegate.swift in Sources */,
			);
			runOnlyForDeploymentPostprocessing = 0;
		};
/* End PBXSourcesBuildPhase section */

/* Begin PBXVariantGroup section */
		28BC137C27C028A600D0783E /* Main.storyboard */ = {
			isa = PBXVariantGroup;
			children = (
				28BC137D27C028A600D0783E /* Base */,
			);
			name = Main.storyboard;
			sourceTree = "<group>";
		};
		28BC138427C028A700D0783E /* LaunchScreen.storyboard */ = {
			isa = PBXVariantGroup;
			children = (
				28BC138527C028A700D0783E /* Base */,
			);
			name = LaunchScreen.storyboard;
			sourceTree = "<group>";
		};
/* End PBXVariantGroup section */

/* Begin XCBuildConfiguration section */
		28BC138827C028A700D0783E /* Debug */ = {
			isa = XCBuildConfiguration;
			buildSettings = {
				ALWAYS_SEARCH_USER_PATHS = NO;
				CLANG_ANALYZER_NONNULL = YES;
				CLANG_ANALYZER_NUMBER_OBJECT_CONVERSION = YES_AGGRESSIVE;
				CLANG_CXX_LANGUAGE_STANDARD = "gnu++14";
				CLANG_CXX_LIBRARY = "libc++";
				CLANG_ENABLE_MODULES = YES;
				CLANG_ENABLE_OBJC_ARC = YES;
				CLANG_ENABLE_OBJC_WEAK = YES;
				CLANG_WARN_BLOCK_CAPTURE_AUTORELEASING = YES;
				CLANG_WARN_BOOL_CONVERSION = YES;
				CLANG_WARN_COMMA = YES;
				CLANG_WARN_CONSTANT_CONVERSION = YES;
				CLANG_WARN_DEPRECATED_OBJC_IMPLEMENTATIONS = YES;
				CLANG_WARN_DIRECT_OBJC_ISA_USAGE = YES_ERROR;
				CLANG_WARN_DOCUMENTATION_COMMENTS = YES;
				CLANG_WARN_EMPTY_BODY = YES;
				CLANG_WARN_ENUM_CONVERSION = YES;
				CLANG_WARN_INFINITE_RECURSION = YES;
				CLANG_WARN_INT_CONVERSION = YES;
				CLANG_WARN_NON_LITERAL_NULL_CONVERSION = YES;
				CLANG_WARN_OBJC_IMPLICIT_RETAIN_SELF = YES;
				CLANG_WARN_OBJC_LITERAL_CONVERSION = YES;
				CLANG_WARN_OBJC_ROOT_CLASS = YES_ERROR;
				CLANG_WARN_QUOTED_INCLUDE_IN_FRAMEWORK_HEADER = YES;
				CLANG_WARN_RANGE_LOOP_ANALYSIS = YES;
				CLANG_WARN_STRICT_PROTOTYPES = YES;
				CLANG_WARN_SUSPICIOUS_MOVE = YES;
				CLANG_WARN_UNGUARDED_AVAILABILITY = YES_AGGRESSIVE;
				CLANG_WARN_UNREACHABLE_CODE = YES;
				CLANG_WARN__DUPLICATE_METHOD_MATCH = YES;
				COPY_PHASE_STRIP = NO;
				DEBUG_INFORMATION_FORMAT = dwarf;
				ENABLE_STRICT_OBJC_MSGSEND = YES;
				ENABLE_TESTABILITY = YES;
				GCC_C_LANGUAGE_STANDARD = gnu11;
				GCC_DYNAMIC_NO_PIC = NO;
				GCC_NO_COMMON_BLOCKS = YES;
				GCC_OPTIMIZATION_LEVEL = 0;
				GCC_PREPROCESSOR_DEFINITIONS = (
					"DEBUG=1",
					"$(inherited)",
				);
				GCC_WARN_64_TO_32_BIT_CONVERSION = YES;
				GCC_WARN_ABOUT_RETURN_TYPE = YES_ERROR;
				GCC_WARN_UNDECLARED_SELECTOR = YES;
				GCC_WARN_UNINITIALIZED_AUTOS = YES_AGGRESSIVE;
				GCC_WARN_UNUSED_FUNCTION = YES;
				GCC_WARN_UNUSED_VARIABLE = YES;
				IPHONEOS_DEPLOYMENT_TARGET = 14.4;
				MTL_ENABLE_DEBUG_INFO = INCLUDE_SOURCE;
				MTL_FAST_MATH = YES;
				ONLY_ACTIVE_ARCH = YES;
				SDKROOT = iphoneos;
				SWIFT_ACTIVE_COMPILATION_CONDITIONS = DEBUG;
				SWIFT_OPTIMIZATION_LEVEL = "-Onone";
			};
			name = Debug;
		};
		28BC138927C028A700D0783E /* Release */ = {
			isa = XCBuildConfiguration;
			buildSettings = {
				ALWAYS_SEARCH_USER_PATHS = NO;
				CLANG_ANALYZER_NONNULL = YES;
				CLANG_ANALYZER_NUMBER_OBJECT_CONVERSION = YES_AGGRESSIVE;
				CLANG_CXX_LANGUAGE_STANDARD = "gnu++14";
				CLANG_CXX_LIBRARY = "libc++";
				CLANG_ENABLE_MODULES = YES;
				CLANG_ENABLE_OBJC_ARC = YES;
				CLANG_ENABLE_OBJC_WEAK = YES;
				CLANG_WARN_BLOCK_CAPTURE_AUTORELEASING = YES;
				CLANG_WARN_BOOL_CONVERSION = YES;
				CLANG_WARN_COMMA = YES;
				CLANG_WARN_CONSTANT_CONVERSION = YES;
				CLANG_WARN_DEPRECATED_OBJC_IMPLEMENTATIONS = YES;
				CLANG_WARN_DIRECT_OBJC_ISA_USAGE = YES_ERROR;
				CLANG_WARN_DOCUMENTATION_COMMENTS = YES;
				CLANG_WARN_EMPTY_BODY = YES;
				CLANG_WARN_ENUM_CONVERSION = YES;
				CLANG_WARN_INFINITE_RECURSION = YES;
				CLANG_WARN_INT_CONVERSION = YES;
				CLANG_WARN_NON_LITERAL_NULL_CONVERSION = YES;
				CLANG_WARN_OBJC_IMPLICIT_RETAIN_SELF = YES;
				CLANG_WARN_OBJC_LITERAL_CONVERSION = YES;
				CLANG_WARN_OBJC_ROOT_CLASS = YES_ERROR;
				CLANG_WARN_QUOTED_INCLUDE_IN_FRAMEWORK_HEADER = YES;
				CLANG_WARN_RANGE_LOOP_ANALYSIS = YES;
				CLANG_WARN_STRICT_PROTOTYPES = YES;
				CLANG_WARN_SUSPICIOUS_MOVE = YES;
				CLANG_WARN_UNGUARDED_AVAILABILITY = YES_AGGRESSIVE;
				CLANG_WARN_UNREACHABLE_CODE = YES;
				CLANG_WARN__DUPLICATE_METHOD_MATCH = YES;
				COPY_PHASE_STRIP = NO;
				DEBUG_INFORMATION_FORMAT = "dwarf-with-dsym";
				ENABLE_NS_ASSERTIONS = NO;
				ENABLE_STRICT_OBJC_MSGSEND = YES;
				GCC_C_LANGUAGE_STANDARD = gnu11;
				GCC_NO_COMMON_BLOCKS = YES;
				GCC_WARN_64_TO_32_BIT_CONVERSION = YES;
				GCC_WARN_ABOUT_RETURN_TYPE = YES_ERROR;
				GCC_WARN_UNDECLARED_SELECTOR = YES;
				GCC_WARN_UNINITIALIZED_AUTOS = YES_AGGRESSIVE;
				GCC_WARN_UNUSED_FUNCTION = YES;
				GCC_WARN_UNUSED_VARIABLE = YES;
				IPHONEOS_DEPLOYMENT_TARGET = 14.4;
				MTL_ENABLE_DEBUG_INFO = NO;
				MTL_FAST_MATH = YES;
				SDKROOT = iphoneos;
				SWIFT_COMPILATION_MODE = wholemodule;
				SWIFT_OPTIMIZATION_LEVEL = "-O";
				VALIDATE_PRODUCT = YES;
			};
			name = Release;
		};
		28BC138B27C028A700D0783E /* Debug */ = {
			isa = XCBuildConfiguration;
			buildSettings = {
				ASSETCATALOG_COMPILER_APPICON_NAME = AppIcon;
				ASSETCATALOG_COMPILER_GLOBAL_ACCENT_COLOR_NAME = AccentColor;
				CODE_SIGN_STYLE = Automatic;
				INFOPLIST_FILE = NewsApp/Info.plist;
				LD_RUNPATH_SEARCH_PATHS = (
					"$(inherited)",
					"@executable_path/Frameworks",
				);
				PRODUCT_BUNDLE_IDENTIFIER = com.eslam.NewsApp;
				PRODUCT_NAME = "$(TARGET_NAME)";
				SWIFT_VERSION = 5.0;
				TARGETED_DEVICE_FAMILY = "1,2";
			};
			name = Debug;
		};
		28BC138C27C028A700D0783E /* Release */ = {
			isa = XCBuildConfiguration;
			buildSettings = {
				ASSETCATALOG_COMPILER_APPICON_NAME = AppIcon;
				ASSETCATALOG_COMPILER_GLOBAL_ACCENT_COLOR_NAME = AccentColor;
				CODE_SIGN_STYLE = Automatic;
				INFOPLIST_FILE = NewsApp/Info.plist;
				LD_RUNPATH_SEARCH_PATHS = (
					"$(inherited)",
					"@executable_path/Frameworks",
				);
				PRODUCT_BUNDLE_IDENTIFIER = com.eslam.NewsApp;
				PRODUCT_NAME = "$(TARGET_NAME)";
				SWIFT_VERSION = 5.0;
				TARGETED_DEVICE_FAMILY = "1,2";
			};
			name = Release;
		};
/* End XCBuildConfiguration section */

/* Begin XCConfigurationList section */
		28BC136E27C028A600D0783E /* Build configuration list for PBXProject "NewsApp" */ = {
			isa = XCConfigurationList;
			buildConfigurations = (
				28BC138827C028A700D0783E /* Debug */,
				28BC138927C028A700D0783E /* Release */,
			);
			defaultConfigurationIsVisible = 0;
			defaultConfigurationName = Release;
		};
		28BC138A27C028A700D0783E /* Build configuration list for PBXNativeTarget "NewsApp" */ = {
			isa = XCConfigurationList;
			buildConfigurations = (
				28BC138B27C028A700D0783E /* Debug */,
				28BC138C27C028A700D0783E /* Release */,
			);
			defaultConfigurationIsVisible = 0;
			defaultConfigurationName = Release;
		};
/* End XCConfigurationList section */

/* Begin XCVersionGroup section */
		28BC137F27C028A600D0783E /* NewsApp.xcdatamodeld */ = {
			isa = XCVersionGroup;
			children = (
				28BC138027C028A600D0783E /* NewsApp.xcdatamodel */,
			);
			currentVersion = 28BC138027C028A600D0783E /* NewsApp.xcdatamodel */;
			path = NewsApp.xcdatamodeld;
			sourceTree = "<group>";
			versionGroupType = wrapper.xcdatamodel;
		};
/* End XCVersionGroup section */
	};
	rootObject = 28BC136B27C028A600D0783E /* Project object */;
}
